
Microsoft Visual Studio Solution File, Format Version 12.00
# Visual Studio Version 16
VisualStudioVersion = 16.0.32126.315
MinimumVisualStudioVersion = 10.0.40219.1
Project("{FAE04EC0-301F-11D3-BF4B-00C04F79EFBC}") = "projectPhase2", "projectPhase2\projectPhase2.csproj", "{81AA9B00-7A91-4525-9403-19E2FE9EC449}"
EndProject
Global
	GlobalSection(SolutionConfigurationPlatforms) = preSolution
		Debug|Any CPU = Debug|Any CPU
		Release|Any CPU = Release|Any CPU
	EndGlobalSection
	GlobalSection(ProjectConfigurationPlatforms) = postSolution
		{81AA9B00-7A91-4525-9403-19E2FE9EC449}.Debug|Any CPU.ActiveCfg = Debug|Any CPU
		{81AA9B00-7A91-4525-9403-19E2FE9EC449}.Debug|Any CPU.Build.0 = Debug|Any CPU
		{81AA9B00-7A91-4525-9403-19E2FE9EC449}.Release|Any CPU.ActiveCfg = Release|Any CPU
		{81AA9B00-7A91-4525-9403-19E2FE9EC449}.Release|Any CPU.Build.0 = Release|Any CPU
	EndGlobalSection
	GlobalSection(SolutionProperties) = preSolution
		HideSolutionNode = FALSE
	EndGlobalSection
	GlobalSection(ExtensibilityGlobals) = postSolution
		SolutionGuid = {396D2787-E41E-4066-B6B8-1A03879FEC5E}
	EndGlobalSection
EndGlobal
